
Microsoft Visual Studio Solution File, Format Version 12.00
# Visual Studio Version 17
VisualStudioVersion = 17.1.32210.238
MinimumVisualStudioVersion = 10.0.40219.1
Project("{FAE04EC0-301F-11D3-BF4B-00C04F79EFBC}") = "ScienticPedagogicalWorkersRating", "ScienticPedagogicalWorkersRating\ScienticPedagogicalWorkersRating.csproj", "{5C8D4F0E-88C5-4A28-8C26-EB5638638ADF}"
EndProject
Global
	GlobalSection(SolutionConfigurationPlatforms) = preSolution
		Debug|Any CPU = Debug|Any CPU
		Release|Any CPU = Release|Any CPU
	EndGlobalSection
	GlobalSection(ProjectConfigurationPlatforms) = postSolution
		{5C8D4F0E-88C5-4A28-8C26-EB5638638ADF}.Debug|Any CPU.ActiveCfg = Debug|Any CPU
		{5C8D4F0E-88C5-4A28-8C26-EB5638638ADF}.Debug|Any CPU.Build.0 = Debug|Any CPU
		{5C8D4F0E-88C5-4A28-8C26-EB5638638ADF}.Release|Any CPU.ActiveCfg = Release|Any CPU
		{5C8D4F0E-88C5-4A28-8C26-EB5638638ADF}.Release|Any CPU.Build.0 = Release|Any CPU
	EndGlobalSection
	GlobalSection(SolutionProperties) = preSolution
		HideSolutionNode = FALSE
	EndGlobalSection
	GlobalSection(ExtensibilityGlobals) = postSolution
		SolutionGuid = {27A6DDEE-AE4D-4328-B39A-61C6051DA80A}
	EndGlobalSection
EndGlobal
